<?xml version="1.0" encoding="utf-8"?>
<Project ToolsVersion="4.0" xmlns="http://schemas.microsoft.com/developer/msbuild/2003">
  <ItemGroup>
    <Filter Include="Source Files">
      <UniqueIdentifier>{4FC737F1-C7A5-4376-A066-2A32D752A2FF}</UniqueIdentifier>
      <Extensions>cpp;c;cc;cxx;c++;def;odl;idl;hpj;bat;asm;asmx</Extensions>
    </Filter>
    <Filter Include="Hardware">
      <UniqueIdentifier>{cd56e99c-2070-464a-97a7-2650e70b0547}</UniqueIdentifier>
    </Filter>
    <Filter Include="Hardware\GBA">
      <UniqueIdentifier>{2e1f9618-4e91-4e24-9446-6d6de102fdec}</UniqueIdentifier>
    </Filter>
    <Filter Include="Cores">
      <UniqueIdentifier>{30be8d09-6832-4b80-949f-fa2ce1a2aea4}</UniqueIdentifier>
    </Filter>
    <Filter Include="Shaders">
      <UniqueIdentifier>{26137989-6e5d-49d1-ab8b-1712ef042b8b}</UniqueIdentifier>
    </Filter>
    <Filter Include="Non-code">
      <UniqueIdentifier>{9393d6c7-074c-4fa3-8152-c411450d0f87}</UniqueIdentifier>
    </Filter>
    <Filter Include="Systems">
      <UniqueIdentifier>{93995380-89BD-4b04-88EB-625FBE52EBFB}</UniqueIdentifier>
      <Extensions>h;hh;hpp;hxx;h++;hm;inl;inc;ipp;xsd</Extensions>
    </Filter>
    <Filter Include="Helpers">
      <UniqueIdentifier>{c6e9e990-7cf3-4020-bd37-ae2a95d54ed1}</UniqueIdentifier>
    </Filter>
  </ItemGroup>
  <ItemGroup>
    <ClCompile Include="main.cpp">
      <Filter>Source Files</Filter>
    </ClCompile>
    <ClCompile Include="cores\ARM7TDMI.cpp">
      <Filter>Cores</Filter>
    </ClCompile>
    <ClCompile Include="hardware\GBA\LCD.cpp">
      <Filter>Hardware\GBA</Filter>
    </ClCompile>
    <ClCompile Include="hardware\GBA\Keypad.cpp">
      <Filter>Hardware\GBA</Filter>
    </ClCompile>
    <ClCompile Include="GBA.cpp">
      <Filter>Systems</Filter>
    </ClCompile>
    <ClCompile Include="hardware\GBA\Timer.cpp">
      <Filter>Hardware\GBA</Filter>
    </ClCompile>
    <ClCompile Include="hardware\GBA\GBAMemory.cpp">
      <Filter>Hardware\GBA</Filter>
    </ClCompile>
  </ItemGroup>
  <ItemGroup>
    <ClInclude Include="GBA.hpp">
      <Filter>Systems</Filter>
    </ClInclude>
    <ClInclude Include="DS.hpp">
      <Filter>Systems</Filter>
    </ClInclude>
    <ClInclude Include="cores\ARM7TDMI.hpp">
      <Filter>Cores</Filter>
    </ClInclude>
    <ClInclude Include="hardware\GBA\LCD.hpp">
      <Filter>Hardware\GBA</Filter>
    </ClInclude>
    <ClInclude Include="hardware\GBA\Keypad.hpp">
      <Filter>Hardware\GBA</Filter>
    </ClInclude>
    <ClInclude Include="hardware\GBA\Timer.hpp">
      <Filter>Hardware\GBA</Filter>
    </ClInclude>
    <ClInclude Include="hardware\GBA\GBAMemory.hpp">
      <Filter>Hardware\GBA</Filter>
    </ClInclude>
    <ClInclude Include="helpers\BitField.hpp">
      <Filter>Helpers</Filter>
    </ClInclude>
  </ItemGroup>
  <ItemGroup>
    <None Include="shaders\GBA.frag">
      <Filter>Shaders</Filter>
    </None>
    <None Include="shaders\GBA.vert">
      <Filter>Shaders</Filter>
    </None>
  </ItemGroup>
</Project>